
Microsoft Visual Studio Solution File, Format Version 12.00
# Visual Studio Version 17
VisualStudioVersion = 17.13.35605.110
MinimumVisualStudioVersion = 10.0.40219.1
Project("{FAE04EC0-301F-11D3-BF4B-00C04F79EFBC}") = "SignalRApi", "SignalRApi\SignalRApi.csproj", "{713D39FA-2950-42F0-BDF9-0121869FB702}"
EndProject
Project("{FAE04EC0-301F-11D3-BF4B-00C04F79EFBC}") = "SignalRWebUI", "SignalRWebUI\SignalRWebUI.csproj", "{1228F3B9-F007-48BF-978A-7DD1A8C43DAA}"
EndProject
Project("{FAE04EC0-301F-11D3-BF4B-00C04F79EFBC}") = "SignalR.EntityLayer", "SignalR.EntityLayer\SignalR.EntityLayer.csproj", "{D83224C4-AE4B-4FA2-BD84-571AAFA0B47A}"
EndProject
Project("{FAE04EC0-301F-11D3-BF4B-00C04F79EFBC}") = "SignalR.DataAccessLayer", "SignalR.DataAccessLayer\SignalR.DataAccessLayer.csproj", "{B0B7BE8E-C585-4DBA-A5BD-69CD4F4FB0A9}"
EndProject
Project("{FAE04EC0-301F-11D3-BF4B-00C04F79EFBC}") = "SignalR.DtoLayer", "SignalR.DtoLayer\SignalR.DtoLayer.csproj", "{F185568F-9EB4-421D-9F77-C16A401A4AA1}"
EndProject
Project("{FAE04EC0-301F-11D3-BF4B-00C04F79EFBC}") = "SignalR.BussinessLayer", "SignalR.BussinessLayer\SignalR.BussinessLayer.csproj", "{B84508EE-3A3B-4FEF-AE4F-DB10B04C3546}"
EndProject
Global
	GlobalSection(SolutionConfigurationPlatforms) = preSolution
		Debug|Any CPU = Debug|Any CPU
		Release|Any CPU = Release|Any CPU
	EndGlobalSection
	GlobalSection(ProjectConfigurationPlatforms) = postSolution
		{713D39FA-2950-42F0-BDF9-0121869FB702}.Debug|Any CPU.ActiveCfg = Debug|Any CPU
		{713D39FA-2950-42F0-BDF9-0121869FB702}.Debug|Any CPU.Build.0 = Debug|Any CPU
		{713D39FA-2950-42F0-BDF9-0121869FB702}.Release|Any CPU.ActiveCfg = Release|Any CPU
		{713D39FA-2950-42F0-BDF9-0121869FB702}.Release|Any CPU.Build.0 = Release|Any CPU
		{1228F3B9-F007-48BF-978A-7DD1A8C43DAA}.Debug|Any CPU.ActiveCfg = Debug|Any CPU
		{1228F3B9-F007-48BF-978A-7DD1A8C43DAA}.Debug|Any CPU.Build.0 = Debug|Any CPU
		{1228F3B9-F007-48BF-978A-7DD1A8C43DAA}.Release|Any CPU.ActiveCfg = Release|Any CPU
		{1228F3B9-F007-48BF-978A-7DD1A8C43DAA}.Release|Any CPU.Build.0 = Release|Any CPU
		{D83224C4-AE4B-4FA2-BD84-571AAFA0B47A}.Debug|Any CPU.ActiveCfg = Debug|Any CPU
		{D83224C4-AE4B-4FA2-BD84-571AAFA0B47A}.Debug|Any CPU.Build.0 = Debug|Any CPU
		{D83224C4-AE4B-4FA2-BD84-571AAFA0B47A}.Release|Any CPU.ActiveCfg = Release|Any CPU
		{D83224C4-AE4B-4FA2-BD84-571AAFA0B47A}.Release|Any CPU.Build.0 = Release|Any CPU
		{B0B7BE8E-C585-4DBA-A5BD-69CD4F4FB0A9}.Debug|Any CPU.ActiveCfg = Debug|Any CPU
		{B0B7BE8E-C585-4DBA-A5BD-69CD4F4FB0A9}.Debug|Any CPU.Build.0 = Debug|Any CPU
		{B0B7BE8E-C585-4DBA-A5BD-69CD4F4FB0A9}.Release|Any CPU.ActiveCfg = Release|Any CPU
		{B0B7BE8E-C585-4DBA-A5BD-69CD4F4FB0A9}.Release|Any CPU.Build.0 = Release|Any CPU
		{F185568F-9EB4-421D-9F77-C16A401A4AA1}.Debug|Any CPU.ActiveCfg = Debug|Any CPU
		{F185568F-9EB4-421D-9F77-C16A401A4AA1}.Debug|Any CPU.Build.0 = Debug|Any CPU
		{F185568F-9EB4-421D-9F77-C16A401A4AA1}.Release|Any CPU.ActiveCfg = Release|Any CPU
		{F185568F-9EB4-421D-9F77-C16A401A4AA1}.Release|Any CPU.Build.0 = Release|Any CPU
		{B84508EE-3A3B-4FEF-AE4F-DB10B04C3546}.Debug|Any CPU.ActiveCfg = Debug|Any CPU
		{B84508EE-3A3B-4FEF-AE4F-DB10B04C3546}.Debug|Any CPU.Build.0 = Debug|Any CPU
		{B84508EE-3A3B-4FEF-AE4F-DB10B04C3546}.Release|Any CPU.ActiveCfg = Release|Any CPU
		{B84508EE-3A3B-4FEF-AE4F-DB10B04C3546}.Release|Any CPU.Build.0 = Release|Any CPU
	EndGlobalSection
	GlobalSection(SolutionProperties) = preSolution
		HideSolutionNode = FALSE
	EndGlobalSection
	GlobalSection(ExtensibilityGlobals) = postSolution
		SolutionGuid = {55537250-FBD6-4DC6-9B46-7BD8C93C26F8}
	EndGlobalSection
EndGlobal
